
Microsoft Visual Studio Solution File, Format Version 12.00
# Visual Studio Version 17
VisualStudioVersion = 17.0.32014.148
MinimumVisualStudioVersion = 10.0.40219.1
Project("{9A19103F-16F7-4668-BE54-9A1E7A4F7556}") = "API", "API.csproj", "{01E79268-DD91-492A-BFE4-8BCDA55790EE}"
EndProject
Global
	GlobalSection(SolutionConfigurationPlatforms) = preSolution
		Debug|Any CPU = Debug|Any CPU
		Release|Any CPU = Release|Any CPU
	EndGlobalSection
	GlobalSection(ProjectConfigurationPlatforms) = postSolution
		{01E79268-DD91-492A-BFE4-8BCDA55790EE}.Debug|Any CPU.ActiveCfg = Debug|Any CPU
		{01E79268-DD91-492A-BFE4-8BCDA55790EE}.Debug|Any CPU.Build.0 = Debug|Any CPU
		{01E79268-DD91-492A-BFE4-8BCDA55790EE}.Release|Any CPU.ActiveCfg = Release|Any CPU
		{01E79268-DD91-492A-BFE4-8BCDA55790EE}.Release|Any CPU.Build.0 = Release|Any CPU
	EndGlobalSection
	GlobalSection(SolutionProperties) = preSolution
		HideSolutionNode = FALSE
	EndGlobalSection
	GlobalSection(ExtensibilityGlobals) = postSolution
		SolutionGuid = {1474E475-06BC-4735-8D8B-C090723D3FC3}
	EndGlobalSection
EndGlobal
